
Microsoft Visual Studio Solution File, Format Version 12.00
# Visual Studio 2012
Project("{FAE04EC0-301F-11D3-BF4B-00C04F79EFBC}") = "SeekAndDestroy", "GeoCodingTest\SeekAndDestroy.csproj", "{4572A668-CFAE-4438-AFA0-DACC1B759056}"
EndProject
Project("{FAE04EC0-301F-11D3-BF4B-00C04F79EFBC}") = "TestSite", "TestSite\TestSite.csproj", "{9A9DF3FC-C564-4E3F-8C9C-F735DEFADFB1}"
EndProject
Project("{2150E333-8FDC-42A3-9474-1A3956D46DE8}") = ".nuget", ".nuget", "{9AC63F7E-2A71-44BA-8A09-4025A2E478AB}"
	ProjectSection(SolutionItems) = preProject
		.nuget\NuGet.Config = .nuget\NuGet.Config
		.nuget\NuGet.exe = .nuget\NuGet.exe
		.nuget\NuGet.targets = .nuget\NuGet.targets
	EndProjectSection
EndProject
Global
	GlobalSection(SolutionConfigurationPlatforms) = preSolution
		Debug|Any CPU = Debug|Any CPU
		Release|Any CPU = Release|Any CPU
	EndGlobalSection
	GlobalSection(ProjectConfigurationPlatforms) = postSolution
		{4572A668-CFAE-4438-AFA0-DACC1B759056}.Debug|Any CPU.ActiveCfg = Debug|Any CPU
		{4572A668-CFAE-4438-AFA0-DACC1B759056}.Debug|Any CPU.Build.0 = Debug|Any CPU
		{4572A668-CFAE-4438-AFA0-DACC1B759056}.Release|Any CPU.ActiveCfg = Release|Any CPU
		{4572A668-CFAE-4438-AFA0-DACC1B759056}.Release|Any CPU.Build.0 = Release|Any CPU
		{9A9DF3FC-C564-4E3F-8C9C-F735DEFADFB1}.Debug|Any CPU.ActiveCfg = Debug|Any CPU
		{9A9DF3FC-C564-4E3F-8C9C-F735DEFADFB1}.Debug|Any CPU.Build.0 = Debug|Any CPU
		{9A9DF3FC-C564-4E3F-8C9C-F735DEFADFB1}.Release|Any CPU.ActiveCfg = Release|Any CPU
		{9A9DF3FC-C564-4E3F-8C9C-F735DEFADFB1}.Release|Any CPU.Build.0 = Release|Any CPU
	EndGlobalSection
	GlobalSection(SolutionProperties) = preSolution
		HideSolutionNode = FALSE
	EndGlobalSection
EndGlobal
